// !$*UTF8*$!
{
	archiveVersion = 1;
	classes = {
	};
	objectVersion = 50;
	objects = {

/* Begin PBXBuildFile section */
		856624B023797C50005E487C /* AppDelegate.swift in Sources */ = {isa = PBXBuildFile; fileRef = 856624AF23797C50005E487C /* AppDelegate.swift */; };
		856624B223797C50005E487C /* SceneDelegate.swift in Sources */ = {isa = PBXBuildFile; fileRef = 856624B123797C50005E487C /* SceneDelegate.swift */; };
		856624B423797C50005E487C /* ContentView.swift in Sources */ = {isa = PBXBuildFile; fileRef = 856624B323797C50005E487C /* ContentView.swift */; };
		856624B623797C56005E487C /* Assets.xcassets in Resources */ = {isa = PBXBuildFile; fileRef = 856624B523797C56005E487C /* Assets.xcassets */; };
		856624B923797C56005E487C /* Preview Assets.xcassets in Resources */ = {isa = PBXBuildFile; fileRef = 856624B823797C56005E487C /* Preview Assets.xcassets */; };
		856624BC23797C56005E487C /* LaunchScreen.storyboard in Resources */ = {isa = PBXBuildFile; fileRef = 856624BA23797C56005E487C /* LaunchScreen.storyboard */; };
		856624C723797C56005E487C /* HackerNewsTests.swift in Sources */ = {isa = PBXBuildFile; fileRef = 856624C623797C56005E487C /* HackerNewsTests.swift */; };
		856624D223797C56005E487C /* HackerNewsUITests.swift in Sources */ = {isa = PBXBuildFile; fileRef = 856624D123797C56005E487C /* HackerNewsUITests.swift */; };
		856624E123797E8C005E487C /* NetworkManager.swift in Sources */ = {isa = PBXBuildFile; fileRef = 856624E023797E8C005E487C /* NetworkManager.swift */; };
		856624E323797FA3005E487C /* PostData.swift in Sources */ = {isa = PBXBuildFile; fileRef = 856624E223797FA3005E487C /* PostData.swift */; };
		856624E6237988C5005E487C /* DetailView.swift in Sources */ = {isa = PBXBuildFile; fileRef = 856624E5237988C5005E487C /* DetailView.swift */; };
		856624EB23798F49005E487C /* WebView.swift in Sources */ = {isa = PBXBuildFile; fileRef = 856624EA23798F49005E487C /* WebView.swift */; };
/* End PBXBuildFile section */

/* Begin PBXContainerItemProxy section */
		856624C323797C56005E487C /* PBXContainerItemProxy */ = {
			isa = PBXContainerItemProxy;
			containerPortal = 856624A423797C50005E487C /* Project object */;
			proxyType = 1;
			remoteGlobalIDString = 856624AB23797C50005E487C;
			remoteInfo = HackerNews;
		};
		856624CE23797C56005E487C /* PBXContainerItemProxy */ = {
			isa = PBXContainerItemProxy;
			containerPortal = 856624A423797C50005E487C /* Project object */;
			proxyType = 1;
			remoteGlobalIDString = 856624AB23797C50005E487C;
			remoteInfo = HackerNews;
		};
/* End PBXContainerItemProxy section */

/* Begin PBXFileReference section */
		856624AC23797C50005E487C /* HackerNews.app */ = {isa = PBXFileReference; explicitFileType = wrapper.application; includeInIndex = 0; path = HackerNews.app; sourceTree = BUILT_PRODUCTS_DIR; };
		856624AF23797C50005E487C /* AppDelegate.swift */ = {isa = PBXFileReference; lastKnownFileType = sourcecode.swift; path = AppDelegate.swift; sourceTree = "<group>"; };
		856624B123797C50005E487C /* SceneDelegate.swift */ = {isa = PBXFileReference; lastKnownFileType = sourcecode.swift; path = SceneDelegate.swift; sourceTree = "<group>"; };
		856624B323797C50005E487C /* ContentView.swift */ = {isa = PBXFileReference; lastKnownFileType = sourcecode.swift; path = ContentView.swift; sourceTree = "<group>"; };
		856624B523797C56005E487C /* Assets.xcassets */ = {isa = PBXFileReference; lastKnownFileType = folder.assetcatalog; path = Assets.xcassets; sourceTree = "<group>"; };
		856624B823797C56005E487C /* Preview Assets.xcassets */ = {isa = PBXFileReference; lastKnownFileType = folder.assetcatalog; path = "Preview Assets.xcassets"; sourceTree = "<group>"; };
		856624BB23797C56005E487C /* Base */ = {isa = PBXFileReference; lastKnownFileType = file.storyboard; name = Base; path = Base.lproj/LaunchScreen.storyboard; sourceTree = "<group>"; };
		856624BD23797C56005E487C /* Info.plist */ = {isa = PBXFileReference; lastKnownFileType = text.plist.xml; path = Info.plist; sourceTree = "<group>"; };
		856624C223797C56005E487C /* HackerNewsTests.xctest */ = {isa = PBXFileReference; explicitFileType = wrapper.cfbundle; includeInIndex = 0; path = HackerNewsTests.xctest; sourceTree = BUILT_PRODUCTS_DIR; };
		856624C623797C56005E487C /* HackerNewsTests.swift */ = {isa = PBXFileReference; lastKnownFileType = sourcecode.swift; path = HackerNewsTests.swift; sourceTree = "<group>"; };
		856624C823797C56005E487C /* Info.plist */ = {isa = PBXFileReference; lastKnownFileType = text.plist.xml; path = Info.plist; sourceTree = "<group>"; };
		856624CD23797C56005E487C /* HackerNewsUITests.xctest */ = {isa = PBXFileReference; explicitFileType = wrapper.cfbundle; includeInIndex = 0; path = HackerNewsUITests.xctest; sourceTree = BUILT_PRODUCTS_DIR; };
		856624D123797C56005E487C /* HackerNewsUITests.swift */ = {isa = PBXFileReference; lastKnownFileType = sourcecode.swift; path = HackerNewsUITests.swift; sourceTree = "<group>"; };
		856624D323797C56005E487C /* Info.plist */ = {isa = PBXFileReference; lastKnownFileType = text.plist.xml; path = Info.plist; sourceTree = "<group>"; };
		856624E023797E8C005E487C /* NetworkManager.swift */ = {isa = PBXFileReference; lastKnownFileType = sourcecode.swift; path = NetworkManager.swift; sourceTree = "<group>"; };
		856624E223797FA3005E487C /* PostData.swift */ = {isa = PBXFileReference; lastKnownFileType = sourcecode.swift; path = PostData.swift; sourceTree = "<group>"; };
		856624E5237988C5005E487C /* DetailView.swift */ = {isa = PBXFileReference; lastKnownFileType = sourcecode.swift; path = DetailView.swift; sourceTree = "<group>"; };
		856624EA23798F49005E487C /* WebView.swift */ = {isa = PBXFileReference; lastKnownFileType = sourcecode.swift; path = WebView.swift; sourceTree = "<group>"; };
		856624EC23799282005E487C /* HackerNews.entitlements */ = {isa = PBXFileReference; lastKnownFileType = text.plist.entitlements; path = HackerNews.entitlements; sourceTree = "<group>"; };
/* End PBXFileReference section */

/* Begin PBXFrameworksBuildPhase section */
		856624A923797C50005E487C /* Frameworks */ = {
			isa = PBXFrameworksBuildPhase;
			buildActionMask = 2147483647;
			files = (
			);
			runOnlyForDeploymentPostprocessing = 0;
		};
		856624BF23797C56005E487C /* Frameworks */ = {
			isa = PBXFrameworksBuildPhase;
			buildActionMask = 2147483647;
			files = (
			);
			runOnlyForDeploymentPostprocessing = 0;
		};
		856624CA23797C56005E487C /* Frameworks */ = {
			isa = PBXFrameworksBuildPhase;
			buildActionMask = 2147483647;
			files = (
			);
			runOnlyForDeploymentPostprocessing = 0;
		};
/* End PBXFrameworksBuildPhase section */

/* Begin PBXGroup section */
		856624A323797C50005E487C = {
			isa = PBXGroup;
			children = (
				856624AE23797C50005E487C /* HackerNews */,
				856624C523797C56005E487C /* HackerNewsTests */,
				856624D023797C56005E487C /* HackerNewsUITests */,
				856624AD23797C50005E487C /* Products */,
			);
			sourceTree = "<group>";
		};
		856624AD23797C50005E487C /* Products */ = {
			isa = PBXGroup;
			children = (
				856624AC23797C50005E487C /* HackerNews.app */,
				856624C223797C56005E487C /* HackerNewsTests.xctest */,
				856624CD23797C56005E487C /* HackerNewsUITests.xctest */,
			);
			name = Products;
			sourceTree = "<group>";
		};
		856624AE23797C50005E487C /* HackerNews */ = {
			isa = PBXGroup;
			children = (
				856624EC23799282005E487C /* HackerNews.entitlements */,
				856624AF23797C50005E487C /* AppDelegate.swift */,
				856624B123797C50005E487C /* SceneDelegate.swift */,
				856624E82379899C005E487C /* Views */,
				856624DF23797E74005E487C /* Models */,
				856624B523797C56005E487C /* Assets.xcassets */,
				856624BA23797C56005E487C /* LaunchScreen.storyboard */,
				856624BD23797C56005E487C /* Info.plist */,
				856624B723797C56005E487C /* Preview Content */,
			);
			path = HackerNews;
			sourceTree = "<group>";
		};
		856624B723797C56005E487C /* Preview Content */ = {
			isa = PBXGroup;
			children = (
				856624B823797C56005E487C /* Preview Assets.xcassets */,
			);
			path = "Preview Content";
			sourceTree = "<group>";
		};
		856624C523797C56005E487C /* HackerNewsTests */ = {
			isa = PBXGroup;
			children = (
				856624C623797C56005E487C /* HackerNewsTests.swift */,
				856624C823797C56005E487C /* Info.plist */,
			);
			path = HackerNewsTests;
			sourceTree = "<group>";
		};
		856624D023797C56005E487C /* HackerNewsUITests */ = {
			isa = PBXGroup;
			children = (
				856624D123797C56005E487C /* HackerNewsUITests.swift */,
				856624D323797C56005E487C /* Info.plist */,
			);
			path = HackerNewsUITests;
			sourceTree = "<group>";
		};
		856624DF23797E74005E487C /* Models */ = {
			isa = PBXGroup;
			children = (
				856624E023797E8C005E487C /* NetworkManager.swift */,
				856624E223797FA3005E487C /* PostData.swift */,
			);
			path = Models;
			sourceTree = "<group>";
		};
		856624E82379899C005E487C /* Views */ = {
			isa = PBXGroup;
			children = (
				856624B323797C50005E487C /* ContentView.swift */,
				856624E5237988C5005E487C /* DetailView.swift */,
				856624EA23798F49005E487C /* WebView.swift */,
			);
			path = Views;
			sourceTree = "<group>";
		};
/* End PBXGroup section */

/* Begin PBXNativeTarget section */
		856624AB23797C50005E487C /* HackerNews */ = {
			isa = PBXNativeTarget;
			buildConfigurationList = 856624D623797C56005E487C /* Build configuration list for PBXNativeTarget "HackerNews" */;
			buildPhases = (
				856624A823797C50005E487C /* Sources */,
				856624A923797C50005E487C /* Frameworks */,
				856624AA23797C50005E487C /* Resources */,
			);
			buildRules = (
			);
			dependencies = (
			);
			name = HackerNews;
			productName = HackerNews;
			productReference = 856624AC23797C50005E487C /* HackerNews.app */;
			productType = "com.apple.product-type.application";
		};
		856624C123797C56005E487C /* HackerNewsTests */ = {
			isa = PBXNativeTarget;
			buildConfigurationList = 856624D923797C56005E487C /* Build configuration list for PBXNativeTarget "HackerNewsTests" */;
			buildPhases = (
				856624BE23797C56005E487C /* Sources */,
				856624BF23797C56005E487C /* Frameworks */,
				856624C023797C56005E487C /* Resources */,
			);
			buildRules = (
			);
			dependencies = (
				856624C423797C56005E487C /* PBXTargetDependency */,
			);
			name = HackerNewsTests;
			productName = HackerNewsTests;
			productReference = 856624C223797C56005E487C /* HackerNewsTests.xctest */;
			productType = "com.apple.product-type.bundle.unit-test";
		};
		856624CC23797C56005E487C /* HackerNewsUITests */ = {
			isa = PBXNativeTarget;
			buildConfigurationList = 856624DC23797C56005E487C /* Build configuration list for PBXNativeTarget "HackerNewsUITests" */;
			buildPhases = (
				856624C923797C56005E487C /* Sources */,
				856624CA23797C56005E487C /* Frameworks */,
				856624CB23797C56005E487C /* Resources */,
			);
			buildRules = (
			);
			dependencies = (
				856624CF23797C56005E487C /* PBXTargetDependency */,
			);
			name = HackerNewsUITests;
			productName = HackerNewsUITests;
			productReference = 856624CD23797C56005E487C /* HackerNewsUITests.xctest */;
			productType = "com.apple.product-type.bundle.ui-testing";
		};
/* End PBXNativeTarget section */

/* Begin PBXProject section */
		856624A423797C50005E487C /* Project object */ = {
			isa = PBXProject;
			attributes = {
				LastSwiftUpdateCheck = 1120;
				LastUpgradeCheck = 1120;
				ORGANIZATIONNAME = "Faraz Muhammad Aulia";
				TargetAttributes = {
					856624AB23797C50005E487C = {
						CreatedOnToolsVersion = 11.2;
					};
					856624C123797C56005E487C = {
						CreatedOnToolsVersion = 11.2;
						TestTargetID = 856624AB23797C50005E487C;
					};
					856624CC23797C56005E487C = {
						CreatedOnToolsVersion = 11.2;
						TestTargetID = 856624AB23797C50005E487C;
					};
				};
			};
			buildConfigurationList = 856624A723797C50005E487C /* Build configuration list for PBXProject "HackerNews" */;
			compatibilityVersion = "Xcode 9.3";
			developmentRegion = en;
			hasScannedForEncodings = 0;
			knownRegions = (
				en,
				Base,
			);
			mainGroup = 856624A323797C50005E487C;
			productRefGroup = 856624AD23797C50005E487C /* Products */;
			projectDirPath = "";
			projectRoot = "";
			targets = (
				856624AB23797C50005E487C /* HackerNews */,
				856624C123797C56005E487C /* HackerNewsTests */,
				856624CC23797C56005E487C /* HackerNewsUITests */,
			);
		};
/* End PBXProject section */

/* Begin PBXResourcesBuildPhase section */
		856624AA23797C50005E487C /* Resources */ = {
			isa = PBXResourcesBuildPhase;
			buildActionMask = 2147483647;
			files = (
				856624BC23797C56005E487C /* LaunchScreen.storyboard in Resources */,
				856624B923797C56005E487C /* Preview Assets.xcassets in Resources */,
				856624B623797C56005E487C /* Assets.xcassets in Resources */,
			);
			runOnlyForDeploymentPostprocessing = 0;
		};
		856624C023797C56005E487C /* Resources */ = {
			isa = PBXResourcesBuildPhase;
			buildActionMask = 2147483647;
			files = (
			);
			runOnlyForDeploymentPostprocessing = 0;
		};
		856624CB23797C56005E487C /* Resources */ = {
			isa = PBXResourcesBuildPhase;
			buildActionMask = 2147483647;
			files = (
			);
			runOnlyForDeploymentPostprocessing = 0;
		};
/* End PBXResourcesBuildPhase section */

/* Begin PBXSourcesBuildPhase section */
		856624A823797C50005E487C /* Sources */ = {
			isa = PBXSourcesBuildPhase;
			buildActionMask = 2147483647;
			files = (
				856624E323797FA3005E487C /* PostData.swift in Sources */,
				856624E6237988C5005E487C /* DetailView.swift in Sources */,
				856624E123797E8C005E487C /* NetworkManager.swift in Sources */,
				856624B023797C50005E487C /* AppDelegate.swift in Sources */,
				856624B223797C50005E487C /* SceneDelegate.swift in Sources */,
				856624B423797C50005E487C /* ContentView.swift in Sources */,
				856624EB23798F49005E487C /* WebView.swift in Sources */,
			);
			runOnlyForDeploymentPostprocessing = 0;
		};
		856624BE23797C56005E487C /* Sources */ = {
			isa = PBXSourcesBuildPhase;
			buildActionMask = 2147483647;
			files = (
				856624C723797C56005E487C /* HackerNewsTests.swift in Sources */,
			);
			runOnlyForDeploymentPostprocessing = 0;
		};
		856624C923797C56005E487C /* Sources */ = {
			isa = PBXSourcesBuildPhase;
			buildActionMask = 2147483647;
			files = (
				856624D223797C56005E487C /* HackerNewsUITests.swift in Sources */,
			);
			runOnlyForDeploymentPostprocessing = 0;
		};
/* End PBXSourcesBuildPhase section */

/* Begin PBXTargetDependency section */
		856624C423797C56005E487C /* PBXTargetDependency */ = {
			isa = PBXTargetDependency;
			target = 856624AB23797C50005E487C /* HackerNews */;
			targetProxy = 856624C323797C56005E487C /* PBXContainerItemProxy */;
		};
		856624CF23797C56005E487C /* PBXTargetDependency */ = {
			isa = PBXTargetDependency;
			target = 856624AB23797C50005E487C /* HackerNews */;
			targetProxy = 856624CE23797C56005E487C /* PBXContainerItemProxy */;
		};
/* End PBXTargetDependency section */

/* Begin PBXVariantGroup section */
		856624BA23797C56005E487C /* LaunchScreen.storyboard */ = {
			isa = PBXVariantGroup;
			children = (
				856624BB23797C56005E487C /* Base */,
			);
			name = LaunchScreen.storyboard;
			sourceTree = "<group>";
		};
/* End PBXVariantGroup section */

/* Begin XCBuildConfiguration section */
		856624D423797C56005E487C /* Debug */ = {
			isa = XCBuildConfiguration;
			buildSettings = {
				ALWAYS_SEARCH_USER_PATHS = NO;
				CLANG_ANALYZER_NONNULL = YES;
				CLANG_ANALYZER_NUMBER_OBJECT_CONVERSION = YES_AGGRESSIVE;
				CLANG_CXX_LANGUAGE_STANDARD = "gnu++14";
				CLANG_CXX_LIBRARY = "libc++";
				CLANG_ENABLE_MODULES = YES;
				CLANG_ENABLE_OBJC_ARC = YES;
				CLANG_ENABLE_OBJC_WEAK = YES;
				CLANG_WARN_BLOCK_CAPTURE_AUTORELEASING = YES;
				CLANG_WARN_BOOL_CONVERSION = YES;
				CLANG_WARN_COMMA = YES;
				CLANG_WARN_CONSTANT_CONVERSION = YES;
				CLANG_WARN_DEPRECATED_OBJC_IMPLEMENTATIONS = YES;
				CLANG_WARN_DIRECT_OBJC_ISA_USAGE = YES_ERROR;
				CLANG_WARN_DOCUMENTATION_COMMENTS = YES;
				CLANG_WARN_EMPTY_BODY = YES;
				CLANG_WARN_ENUM_CONVERSION = YES;
				CLANG_WARN_INFINITE_RECURSION = YES;
				CLANG_WARN_INT_CONVERSION = YES;
				CLANG_WARN_NON_LITERAL_NULL_CONVERSION = YES;
				CLANG_WARN_OBJC_IMPLICIT_RETAIN_SELF = YES;
				CLANG_WARN_OBJC_LITERAL_CONVERSION = YES;
				CLANG_WARN_OBJC_ROOT_CLASS = YES_ERROR;
				CLANG_WARN_RANGE_LOOP_ANALYSIS = YES;
				CLANG_WARN_STRICT_PROTOTYPES = YES;
				CLANG_WARN_SUSPICIOUS_MOVE = YES;
				CLANG_WARN_UNGUARDED_AVAILABILITY = YES_AGGRESSIVE;
				CLANG_WARN_UNREACHABLE_CODE = YES;
				CLANG_WARN__DUPLICATE_METHOD_MATCH = YES;
				COPY_PHASE_STRIP = NO;
				DEBUG_INFORMATION_FORMAT = dwarf;
				ENABLE_STRICT_OBJC_MSGSEND = YES;
				ENABLE_TESTABILITY = YES;
				GCC_C_LANGUAGE_STANDARD = gnu11;
				GCC_DYNAMIC_NO_PIC = NO;
				GCC_NO_COMMON_BLOCKS = YES;
				GCC_OPTIMIZATION_LEVEL = 0;
				GCC_PREPROCESSOR_DEFINITIONS = (
					"DEBUG=1",
					"$(inherited)",
				);
				GCC_WARN_64_TO_32_BIT_CONVERSION = YES;
				GCC_WARN_ABOUT_RETURN_TYPE = YES_ERROR;
				GCC_WARN_UNDECLARED_SELECTOR = YES;
				GCC_WARN_UNINITIALIZED_AUTOS = YES_AGGRESSIVE;
				GCC_WARN_UNUSED_FUNCTION = YES;
				GCC_WARN_UNUSED_VARIABLE = YES;
				IPHONEOS_DEPLOYMENT_TARGET = 13.2;
				MTL_ENABLE_DEBUG_INFO = INCLUDE_SOURCE;
				MTL_FAST_MATH = YES;
				ONLY_ACTIVE_ARCH = YES;
				SDKROOT = iphoneos;
				SWIFT_ACTIVE_COMPILATION_CONDITIONS = DEBUG;
				SWIFT_OPTIMIZATION_LEVEL = "-Onone";
			};
			name = Debug;
		};
		856624D523797C56005E487C /* Release */ = {
			isa = XCBuildConfiguration;
			buildSettings = {
				ALWAYS_SEARCH_USER_PATHS = NO;
				CLANG_ANALYZER_NONNULL = YES;
				CLANG_ANALYZER_NUMBER_OBJECT_CONVERSION = YES_AGGRESSIVE;
				CLANG_CXX_LANGUAGE_STANDARD = "gnu++14";
				CLANG_CXX_LIBRARY = "libc++";
				CLANG_ENABLE_MODULES = YES;
				CLANG_ENABLE_OBJC_ARC = YES;
				CLANG_ENABLE_OBJC_WEAK = YES;
				CLANG_WARN_BLOCK_CAPTURE_AUTORELEASING = YES;
				CLANG_WARN_BOOL_CONVERSION = YES;
				CLANG_WARN_COMMA = YES;
				CLANG_WARN_CONSTANT_CONVERSION = YES;
				CLANG_WARN_DEPRECATED_OBJC_IMPLEMENTATIONS = YES;
				CLANG_WARN_DIRECT_OBJC_ISA_USAGE = YES_ERROR;
				CLANG_WARN_DOCUMENTATION_COMMENTS = YES;
				CLANG_WARN_EMPTY_BODY = YES;
				CLANG_WARN_ENUM_CONVERSION = YES;
				CLANG_WARN_INFINITE_RECURSION = YES;
				CLANG_WARN_INT_CONVERSION = YES;
				CLANG_WARN_NON_LITERAL_NULL_CONVERSION = YES;
				CLANG_WARN_OBJC_IMPLICIT_RETAIN_SELF = YES;
				CLANG_WARN_OBJC_LITERAL_CONVERSION = YES;
				CLANG_WARN_OBJC_ROOT_CLASS = YES_ERROR;
				CLANG_WARN_RANGE_LOOP_ANALYSIS = YES;
				CLANG_WARN_STRICT_PROTOTYPES = YES;
				CLANG_WARN_SUSPICIOUS_MOVE = YES;
				CLANG_WARN_UNGUARDED_AVAILABILITY = YES_AGGRESSIVE;
				CLANG_WARN_UNREACHABLE_CODE = YES;
				CLANG_WARN__DUPLICATE_METHOD_MATCH = YES;
				COPY_PHASE_STRIP = NO;
				DEBUG_INFORMATION_FORMAT = "dwarf-with-dsym";
				ENABLE_NS_ASSERTIONS = NO;
				ENABLE_STRICT_OBJC_MSGSEND = YES;
				GCC_C_LANGUAGE_STANDARD = gnu11;
				GCC_NO_COMMON_BLOCKS = YES;
				GCC_WARN_64_TO_32_BIT_CONVERSION = YES;
				GCC_WARN_ABOUT_RETURN_TYPE = YES_ERROR;
				GCC_WARN_UNDECLARED_SELECTOR = YES;
				GCC_WARN_UNINITIALIZED_AUTOS = YES_AGGRESSIVE;
				GCC_WARN_UNUSED_FUNCTION = YES;
				GCC_WARN_UNUSED_VARIABLE = YES;
				IPHONEOS_DEPLOYMENT_TARGET = 13.2;
				MTL_ENABLE_DEBUG_INFO = NO;
				MTL_FAST_MATH = YES;
				SDKROOT = iphoneos;
				SWIFT_COMPILATION_MODE = wholemodule;
				SWIFT_OPTIMIZATION_LEVEL = "-O";
				VALIDATE_PRODUCT = YES;
			};
			name = Release;
		};
		856624D723797C56005E487C /* Debug */ = {
			isa = XCBuildConfiguration;
			buildSettings = {
				ASSETCATALOG_COMPILER_APPICON_NAME = AppIcon;
				CODE_SIGN_ENTITLEMENTS = HackerNews/HackerNews.entitlements;
				CODE_SIGN_STYLE = Automatic;
				DERIVE_MACCATALYST_PRODUCT_BUNDLE_IDENTIFIER = YES;
				DEVELOPMENT_ASSET_PATHS = "\"HackerNews/Preview Content\"";
				DEVELOPMENT_TEAM = 6A3SNQWQ95;
				ENABLE_PREVIEWS = YES;
				INFOPLIST_FILE = HackerNews/Info.plist;
				LD_RUNPATH_SEARCH_PATHS = (
					"$(inherited)",
					"@executable_path/Frameworks",
				);
				PRODUCT_BUNDLE_IDENTIFIER = id.farazaulia.HackerNews;
				PRODUCT_NAME = "$(TARGET_NAME)";
				SUPPORTS_MACCATALYST = YES;
				SWIFT_VERSION = 5.0;
				TARGETED_DEVICE_FAMILY = "1,2";
			};
			name = Debug;
		};
		856624D823797C56005E487C /* Release */ = {
			isa = XCBuildConfiguration;
			buildSettings = {
				ASSETCATALOG_COMPILER_APPICON_NAME = AppIcon;
				CODE_SIGN_ENTITLEMENTS = HackerNews/HackerNews.entitlements;
				CODE_SIGN_STYLE = Automatic;
				DERIVE_MACCATALYST_PRODUCT_BUNDLE_IDENTIFIER = YES;
				DEVELOPMENT_ASSET_PATHS = "\"HackerNews/Preview Content\"";
				DEVELOPMENT_TEAM = 6A3SNQWQ95;
				ENABLE_PREVIEWS = YES;
				INFOPLIST_FILE = HackerNews/Info.plist;
				LD_RUNPATH_SEARCH_PATHS = (
					"$(inherited)",
					"@executable_path/Frameworks",
				);
				PRODUCT_BUNDLE_IDENTIFIER = id.farazaulia.HackerNews;
				PRODUCT_NAME = "$(TARGET_NAME)";
				SUPPORTS_MACCATALYST = YES;
				SWIFT_VERSION = 5.0;
				TARGETED_DEVICE_FAMILY = "1,2";
			};
			name = Release;
		};
		856624DA23797C56005E487C /* Debug */ = {
			isa = XCBuildConfiguration;
			buildSettings = {
				ALWAYS_EMBED_SWIFT_STANDARD_LIBRARIES = YES;
				BUNDLE_LOADER = "$(TEST_HOST)";
				CODE_SIGN_STYLE = Automatic;
				DEVELOPMENT_TEAM = 6A3SNQWQ95;
				INFOPLIST_FILE = HackerNewsTests/Info.plist;
				IPHONEOS_DEPLOYMENT_TARGET = 13.2;
				LD_RUNPATH_SEARCH_PATHS = (
					"$(inherited)",
					"@executable_path/Frameworks",
					"@loader_path/Frameworks",
				);
				PRODUCT_BUNDLE_IDENTIFIER = id.farazaulia.HackerNewsTests;
				PRODUCT_NAME = "$(TARGET_NAME)";
				SWIFT_VERSION = 5.0;
				TARGETED_DEVICE_FAMILY = "1,2";
				TEST_HOST = "$(BUILT_PRODUCTS_DIR)/HackerNews.app/HackerNews";
			};
			name = Debug;
		};
		856624DB23797C56005E487C /* Release */ = {
			isa = XCBuildConfiguration;
			buildSettings = {
				ALWAYS_EMBED_SWIFT_STANDARD_LIBRARIES = YES;
				BUNDLE_LOADER = "$(TEST_HOST)";
				CODE_SIGN_STYLE = Automatic;
				DEVELOPMENT_TEAM = 6A3SNQWQ95;
				INFOPLIST_FILE = HackerNewsTests/Info.plist;
				IPHONEOS_DEPLOYMENT_TARGET = 13.2;
				LD_RUNPATH_SEARCH_PATHS = (
					"$(inherited)",
					"@executable_path/Frameworks",
					"@loader_path/Frameworks",
				);
				PRODUCT_BUNDLE_IDENTIFIER = id.farazaulia.HackerNewsTests;
				PRODUCT_NAME = "$(TARGET_NAME)";
				SWIFT_VERSION = 5.0;
				TARGETED_DEVICE_FAMILY = "1,2";
				TEST_HOST = "$(BUILT_PRODUCTS_DIR)/HackerNews.app/HackerNews";
			};
			name = Release;
		};
		856624DD23797C56005E487C /* Debug */ = {
			isa = XCBuildConfiguration;
			buildSettings = {
				ALWAYS_EMBED_SWIFT_STANDARD_LIBRARIES = YES;
				CODE_SIGN_STYLE = Automatic;
				DEVELOPMENT_TEAM = 6A3SNQWQ95;
				INFOPLIST_FILE = HackerNewsUITests/Info.plist;
				LD_RUNPATH_SEARCH_PATHS = (
					"$(inherited)",
					"@executable_path/Frameworks",
					"@loader_path/Frameworks",
				);
				PRODUCT_BUNDLE_IDENTIFIER = id.farazaulia.HackerNewsUITests;
				PRODUCT_NAME = "$(TARGET_NAME)";
				SWIFT_VERSION = 5.0;
				TARGETED_DEVICE_FAMILY = "1,2";
				TEST_TARGET_NAME = HackerNews;
			};
			name = Debug;
		};
		856624DE23797C56005E487C /* Release */ = {
			isa = XCBuildConfiguration;
			buildSettings = {
				ALWAYS_EMBED_SWIFT_STANDARD_LIBRARIES = YES;
				CODE_SIGN_STYLE = Automatic;
				DEVELOPMENT_TEAM = 6A3SNQWQ95;
				INFOPLIST_FILE = HackerNewsUITests/Info.plist;
				LD_RUNPATH_SEARCH_PATHS = (
					"$(inherited)",
					"@executable_path/Frameworks",
					"@loader_path/Frameworks",
				);
				PRODUCT_BUNDLE_IDENTIFIER = id.farazaulia.HackerNewsUITests;
				PRODUCT_NAME = "$(TARGET_NAME)";
				SWIFT_VERSION = 5.0;
				TARGETED_DEVICE_FAMILY = "1,2";
				TEST_TARGET_NAME = HackerNews;
			};
			name = Release;
		};
/* End XCBuildConfiguration section */

/* Begin XCConfigurationList section */
		856624A723797C50005E487C /* Build configuration list for PBXProject "HackerNews" */ = {
			isa = XCConfigurationList;
			buildConfigurations = (
				856624D423797C56005E487C /* Debug */,
				856624D523797C56005E487C /* Release */,
			);
			defaultConfigurationIsVisible = 0;
			defaultConfigurationName = Release;
		};
		856624D623797C56005E487C /* Build configuration list for PBXNativeTarget "HackerNews" */ = {
			isa = XCConfigurationList;
			buildConfigurations = (
				856624D723797C56005E487C /* Debug */,
				856624D823797C56005E487C /* Release */,
			);
			defaultConfigurationIsVisible = 0;
			defaultConfigurationName = Release;
		};
		856624D923797C56005E487C /* Build configuration list for PBXNativeTarget "HackerNewsTests" */ = {
			isa = XCConfigurationList;
			buildConfigurations = (
				856624DA23797C56005E487C /* Debug */,
				856624DB23797C56005E487C /* Release */,
			);
			defaultConfigurationIsVisible = 0;
			defaultConfigurationName = Release;
		};
		856624DC23797C56005E487C /* Build configuration list for PBXNativeTarget "HackerNewsUITests" */ = {
			isa = XCConfigurationList;
			buildConfigurations = (
				856624DD23797C56005E487C /* Debug */,
				856624DE23797C56005E487C /* Release */,
			);
			defaultConfigurationIsVisible = 0;
			defaultConfigurationName = Release;
		};
/* End XCConfigurationList section */
	};
	rootObject = 856624A423797C50005E487C /* Project object */;
}
